
Microsoft Visual Studio Solution File, Format Version 12.00
# Visual Studio Version 17
VisualStudioVersion = 17.11.35222.181
MinimumVisualStudioVersion = 10.0.40219.1
Project("{9A19103F-16F7-4668-BE54-9A1E7A4F7556}") = "Api", "src\Api\Api.csproj", "{B4FABF76-35A4-43EF-AD9D-10FDECAD5758}"
EndProject
Project("{9A19103F-16F7-4668-BE54-9A1E7A4F7556}") = "Infrastructure", "Infrastructure\Infrastructure.csproj", "{FDA2D7B6-BB45-4597-B8E9-E143306D1CA0}"
EndProject
Project("{9A19103F-16F7-4668-BE54-9A1E7A4F7556}") = "Domain", "Domain\Domain.csproj", "{D1CAB7A6-92E5-42DD-81EF-88DF7CDA2DE1}"
EndProject
Project("{FAE04EC0-301F-11D3-BF4B-00C04F79EFBC}") = "Infrastructure.UnitTest", "Infrastructure.UnitTest\Infrastructure.UnitTest.csproj", "{CC4CA492-9223-4C8D-A0B2-D1A13DFDA4C9}"
EndProject
Project("{FAE04EC0-301F-11D3-BF4B-00C04F79EFBC}") = "Domain.UnitTest", "Domain.UnitTest\Domain.UnitTest.csproj", "{AD306B75-AAB2-4095-BFD9-5AD63864268C}"
EndProject
Global
	GlobalSection(SolutionConfigurationPlatforms) = preSolution
		Debug|Any CPU = Debug|Any CPU
		Release|Any CPU = Release|Any CPU
	EndGlobalSection
	GlobalSection(ProjectConfigurationPlatforms) = postSolution
		{B4FABF76-35A4-43EF-AD9D-10FDECAD5758}.Debug|Any CPU.ActiveCfg = Debug|Any CPU
		{B4FABF76-35A4-43EF-AD9D-10FDECAD5758}.Debug|Any CPU.Build.0 = Debug|Any CPU
		{B4FABF76-35A4-43EF-AD9D-10FDECAD5758}.Release|Any CPU.ActiveCfg = Release|Any CPU
		{B4FABF76-35A4-43EF-AD9D-10FDECAD5758}.Release|Any CPU.Build.0 = Release|Any CPU
		{FDA2D7B6-BB45-4597-B8E9-E143306D1CA0}.Debug|Any CPU.ActiveCfg = Debug|Any CPU
		{FDA2D7B6-BB45-4597-B8E9-E143306D1CA0}.Debug|Any CPU.Build.0 = Debug|Any CPU
		{FDA2D7B6-BB45-4597-B8E9-E143306D1CA0}.Release|Any CPU.ActiveCfg = Release|Any CPU
		{FDA2D7B6-BB45-4597-B8E9-E143306D1CA0}.Release|Any CPU.Build.0 = Release|Any CPU
		{D1CAB7A6-92E5-42DD-81EF-88DF7CDA2DE1}.Debug|Any CPU.ActiveCfg = Debug|Any CPU
		{D1CAB7A6-92E5-42DD-81EF-88DF7CDA2DE1}.Debug|Any CPU.Build.0 = Debug|Any CPU
		{D1CAB7A6-92E5-42DD-81EF-88DF7CDA2DE1}.Release|Any CPU.ActiveCfg = Release|Any CPU
		{D1CAB7A6-92E5-42DD-81EF-88DF7CDA2DE1}.Release|Any CPU.Build.0 = Release|Any CPU
		{CC4CA492-9223-4C8D-A0B2-D1A13DFDA4C9}.Debug|Any CPU.ActiveCfg = Debug|Any CPU
		{CC4CA492-9223-4C8D-A0B2-D1A13DFDA4C9}.Debug|Any CPU.Build.0 = Debug|Any CPU
		{CC4CA492-9223-4C8D-A0B2-D1A13DFDA4C9}.Release|Any CPU.ActiveCfg = Release|Any CPU
		{CC4CA492-9223-4C8D-A0B2-D1A13DFDA4C9}.Release|Any CPU.Build.0 = Release|Any CPU
		{AD306B75-AAB2-4095-BFD9-5AD63864268C}.Debug|Any CPU.ActiveCfg = Debug|Any CPU
		{AD306B75-AAB2-4095-BFD9-5AD63864268C}.Debug|Any CPU.Build.0 = Debug|Any CPU
		{AD306B75-AAB2-4095-BFD9-5AD63864268C}.Release|Any CPU.ActiveCfg = Release|Any CPU
		{AD306B75-AAB2-4095-BFD9-5AD63864268C}.Release|Any CPU.Build.0 = Release|Any CPU
	EndGlobalSection
	GlobalSection(SolutionProperties) = preSolution
		HideSolutionNode = FALSE
	EndGlobalSection
	GlobalSection(ExtensibilityGlobals) = postSolution
		SolutionGuid = {C7D7460A-FF06-44BB-8658-BD6BDE115F99}
	EndGlobalSection
EndGlobal
